
Microsoft Visual Studio Solution File, Format Version 12.00
# Visual Studio Version 16
VisualStudioVersion = 16.0.30413.136
MinimumVisualStudioVersion = 10.0.40219.1
Project("{FAE04EC0-301F-11D3-BF4B-00C04F79EFBC}") = "SEDC.WebApp.ModelDemo", "SEDC.WebApp.ModelDemo\SEDC.WebApp.ModelDemo.csproj", "{06F17EFB-0BA4-48CC-B269-961EB7BD174C}"
EndProject
Global
	GlobalSection(SolutionConfigurationPlatforms) = preSolution
		Debug|Any CPU = Debug|Any CPU
		Release|Any CPU = Release|Any CPU
	EndGlobalSection
	GlobalSection(ProjectConfigurationPlatforms) = postSolution
		{06F17EFB-0BA4-48CC-B269-961EB7BD174C}.Debug|Any CPU.ActiveCfg = Debug|Any CPU
		{06F17EFB-0BA4-48CC-B269-961EB7BD174C}.Debug|Any CPU.Build.0 = Debug|Any CPU
		{06F17EFB-0BA4-48CC-B269-961EB7BD174C}.Release|Any CPU.ActiveCfg = Release|Any CPU
		{06F17EFB-0BA4-48CC-B269-961EB7BD174C}.Release|Any CPU.Build.0 = Release|Any CPU
	EndGlobalSection
	GlobalSection(SolutionProperties) = preSolution
		HideSolutionNode = FALSE
	EndGlobalSection
	GlobalSection(ExtensibilityGlobals) = postSolution
		SolutionGuid = {DAE8ACD8-FA5E-4236-A04B-B256E3D1C69D}
	EndGlobalSection
EndGlobal
